[[package]]
category = "main"
description = "Play notification sounds."
name = "beepy"
optional = false
python-versions = ">=3.0"
version = "1.0.7"

[package.dependencies]
simpleaudio = "*"

[[package]]
category = "main"
description = "Python package for providing Mozilla's CA Bundle."
name = "certifi"
optional = false
python-versions = "*"
version = "2020.12.5"

[[package]]
category = "main"
description = "Universal encoding detector for Python 2 and 3"
name = "chardet"
optional = false
python-versions = ">=2.7, !=3.0.*, !=3.1.*, !=3.2.*, !=3.3.*, !=3.4.*"
version = "4.0.0"

[[package]]
category = "main"
description = "Internationalized Domain Names in Applications (IDNA)"
name = "idna"
optional = false
python-versions = ">=2.7, !=3.0.*, !=3.1.*, !=3.2.*, !=3.3.*"
version = "2.10"

[[package]]
category = "main"
description = "Python HTTP for Humans."
name = "requests"
optional = false
python-versions = ">=2.7, !=3.0.*, !=3.1.*, !=3.2.*, !=3.3.*, !=3.4.*"
version = "2.25.1"

[package.dependencies]
certifi = ">=2017.4.17"
chardet = ">=3.0.2,<5"
idna = ">=2.5,<3"
urllib3 = ">=1.21.1,<1.27"

[package.extras]
security = ["pyOpenSSL (>=0.14)", "cryptography (>=1.3.4)"]
socks = ["PySocks (>=1.5.6,<1.5.7 || >1.5.7)", "win-inet-pton"]

[[package]]
category = "main"
description = "Simple, asynchronous audio playback for Python 3."
name = "simpleaudio"
optional = false
python-versions = "*"
version = "1.0.4"

[[package]]
category = "main"
description = "HTTP library with thread-safe connection pooling, file post, and more."
name = "urllib3"
optional = false
python-versions = ">=2.7, !=3.0.*, !=3.1.*, !=3.2.*, !=3.3.*, !=3.4.*, <4"
version = "1.26.4"

[package.extras]
brotli = ["brotlipy (>=0.6.0)"]
secure = ["pyOpenSSL (>=0.14)", "cryptography (>=1.3.4)", "idna (>=2.0.0)", "certifi", "ipaddress"]
socks = ["PySocks (>=1.5.6,<1.5.7 || >1.5.7,<2.0)"]

[metadata]
content-hash = "c923b53c9615662c94f987e7b520b6017dd14f4d61bf2b55d6048c62b63a9733"
python-versions = "^3.9"

[metadata.files]
beepy = [
    {file = "beepy-1.0.7-py3-none-any.whl", hash = "sha256:0e6616ad678fcf334e57c00633676ffef0ce1232127855fb2fc62c91e67ddb06"},
    {file = "beepy-1.0.7.tar.gz", hash = "sha256:817348ff3cc098aca8d1de7bc15292b762fde20fcc0a020fccea7936940d5b5f"},
]
certifi = [
    {file = "certifi-2020.12.5-py2.py3-none-any.whl", hash = "sha256:719a74fb9e33b9bd44cc7f3a8d94bc35e4049deebe19ba7d8e108280cfd59830"},
    {file = "certifi-2020.12.5.tar.gz", hash = "sha256:1a4995114262bffbc2413b159f2a1a480c969de6e6eb13ee966d470af86af59c"},
]
chardet = [
    {file = "chardet-4.0.0-py2.py3-none-any.whl", hash = "sha256:f864054d66fd9118f2e67044ac8981a54775ec5b67aed0441892edb553d21da5"},
    {file = "chardet-4.0.0.tar.gz", hash = "sha256:0d6f53a15db4120f2b08c94f11e7d93d2c911ee118b6b30a04ec3ee8310179fa"},
]
idna = [
    {file = "idna-2.10-py2.py3-none-any.whl", hash = "sha256:b97d804b1e9b523befed77c48dacec60e6dcb0b5391d57af6a65a312a90648c0"},
    {file = "idna-2.10.tar.gz", hash = "sha256:b307872f855b18632ce0c21c5e45be78c0ea7ae4c15c828c20788b26921eb3f6"},
]
requests = [
    {file = "requests-2.25.1-py2.py3-none-any.whl", hash = "sha256:c210084e36a42ae6b9219e00e48287def368a26d03a048ddad7bfee44f75871e"},
    {file = "requests-2.25.1.tar.gz", hash = "sha256:27973dd4a904a4f13b263a19c866c13b92a39ed1c964655f025f3f8d3d75b804"},
]
simpleaudio = [
    {file = "simpleaudio-1.0.4-cp37-cp37m-macosx_10_6_intel.whl", hash = "sha256:05b63da515f5fc7c6f40e4d9673d22239c5e03e2bda200fc09fd21c185d73713"},
    {file = "simpleaudio-1.0.4-cp37-cp37m-win32.whl", hash = "sha256:f1a4fe3358429b2ea3181fd782e4c4fff5c123ca86ec7fc29e01ee9acd8a227a"},
    {file = "simpleaudio-1.0.4-cp37-cp37m-win_amd64.whl", hash = "sha256:86f1b0985629852afe67259ac6c24905ca731cb202a6e96b818865c56ced0c27"},
    {file = "simpleaudio-1.0.4-cp38-cp38-macosx_10_9_x86_64.whl", hash = "sha256:f68820297ad51577e3a77369e7e9b23989d30d5ae923bf34c92cf983c04ade04"},
    {file = "simpleaudio-1.0.4-cp38-cp38-win32.whl", hash = "sha256:67348e3d3ccbae73bd126beed7f1e242976889620dbc6974c36800cd286430fc"},
    {file = "simpleaudio-1.0.4-cp38-cp38-win_amd64.whl", hash = "sha256:f346a4eac9cdbb1b3f3d0995095b7e86c12219964c022f4d920c22f6ca05fb4c"},
    {file = "simpleaudio-1.0.4.tar.gz", hash = "sha256:691c88649243544db717e7edf6a9831df112104e1aefb5f6038a5d071e8cf41d"},
]
urllib3 = [
    {file = "urllib3-1.26.4-py2.py3-none-any.whl", hash = "sha256:2f4da4594db7e1e110a944bb1b551fdf4e6c136ad42e4234131391e21eb5b0df"},
    {file = "urllib3-1.26.4.tar.gz", hash = "sha256:e7b021f7241115872f92f43c6508082facffbd1c048e3c6e2bb9c2a157e28937"},
]
